
Microsoft Visual Studio Solution File, Format Version 12.00
# Visual Studio Version 17
VisualStudioVersion = 17.4.33403.182
MinimumVisualStudioVersion = 10.0.40219.1
Project("{FAE04EC0-301F-11D3-BF4B-00C04F79EFBC}") = "SpotifyWebApiDotNet.Business", "SpotifyWebApiDotNet.Business\SpotifyWebApiDotNet.Business.csproj", "{7517AABF-AB4F-4DAE-81CD-41F93EE1E83C}"
EndProject
Project("{FAE04EC0-301F-11D3-BF4B-00C04F79EFBC}") = "SpotifyWebApiDotNet.Core", "SpotifyWebApiDotNet.Core\SpotifyWebApiDotNet.Core.csproj", "{BE0E0B4D-B775-4D38-90E7-1F1A55E936D3}"
EndProject
Project("{FAE04EC0-301F-11D3-BF4B-00C04F79EFBC}") = "SpotifyWebApiDotNet.DataAccess", "SpotifyWebApiDotNet.DataAccess\SpotifyWebApiDotNet.DataAccess.csproj", "{631ED0F2-FBA3-4EDC-B874-DBCCFEEF1677}"
EndProject
Project("{FAE04EC0-301F-11D3-BF4B-00C04F79EFBC}") = "SpotifyWebApiDotNet.Entities", "SpotifyWebApiDotNet.Entities\SpotifyWebApiDotNet.Entities.csproj", "{A843187A-AB91-4DC4-ACF8-7122FAB3F456}"
EndProject
Project("{FAE04EC0-301F-11D3-BF4B-00C04F79EFBC}") = "SpotifyWebApiDotNet.WebApi", "SpotifyWebApiDotNet.WebApi\SpotifyWebApiDotNet.WebApi.csproj", "{39526D4A-0EE8-47D5-BE6F-022B4257AB06}"
EndProject
Global
	GlobalSection(SolutionConfigurationPlatforms) = preSolution
		Debug|Any CPU = Debug|Any CPU
		Release|Any CPU = Release|Any CPU
	EndGlobalSection
	GlobalSection(ProjectConfigurationPlatforms) = postSolution
		{7517AABF-AB4F-4DAE-81CD-41F93EE1E83C}.Debug|Any CPU.ActiveCfg = Debug|Any CPU
		{7517AABF-AB4F-4DAE-81CD-41F93EE1E83C}.Debug|Any CPU.Build.0 = Debug|Any CPU
		{7517AABF-AB4F-4DAE-81CD-41F93EE1E83C}.Release|Any CPU.ActiveCfg = Release|Any CPU
		{7517AABF-AB4F-4DAE-81CD-41F93EE1E83C}.Release|Any CPU.Build.0 = Release|Any CPU
		{BE0E0B4D-B775-4D38-90E7-1F1A55E936D3}.Debug|Any CPU.ActiveCfg = Debug|Any CPU
		{BE0E0B4D-B775-4D38-90E7-1F1A55E936D3}.Debug|Any CPU.Build.0 = Debug|Any CPU
		{BE0E0B4D-B775-4D38-90E7-1F1A55E936D3}.Release|Any CPU.ActiveCfg = Release|Any CPU
		{BE0E0B4D-B775-4D38-90E7-1F1A55E936D3}.Release|Any CPU.Build.0 = Release|Any CPU
		{631ED0F2-FBA3-4EDC-B874-DBCCFEEF1677}.Debug|Any CPU.ActiveCfg = Debug|Any CPU
		{631ED0F2-FBA3-4EDC-B874-DBCCFEEF1677}.Debug|Any CPU.Build.0 = Debug|Any CPU
		{631ED0F2-FBA3-4EDC-B874-DBCCFEEF1677}.Release|Any CPU.ActiveCfg = Release|Any CPU
		{631ED0F2-FBA3-4EDC-B874-DBCCFEEF1677}.Release|Any CPU.Build.0 = Release|Any CPU
		{A843187A-AB91-4DC4-ACF8-7122FAB3F456}.Debug|Any CPU.ActiveCfg = Debug|Any CPU
		{A843187A-AB91-4DC4-ACF8-7122FAB3F456}.Debug|Any CPU.Build.0 = Debug|Any CPU
		{A843187A-AB91-4DC4-ACF8-7122FAB3F456}.Release|Any CPU.ActiveCfg = Release|Any CPU
		{A843187A-AB91-4DC4-ACF8-7122FAB3F456}.Release|Any CPU.Build.0 = Release|Any CPU
		{39526D4A-0EE8-47D5-BE6F-022B4257AB06}.Debug|Any CPU.ActiveCfg = Debug|Any CPU
		{39526D4A-0EE8-47D5-BE6F-022B4257AB06}.Debug|Any CPU.Build.0 = Debug|Any CPU
		{39526D4A-0EE8-47D5-BE6F-022B4257AB06}.Release|Any CPU.ActiveCfg = Release|Any CPU
		{39526D4A-0EE8-47D5-BE6F-022B4257AB06}.Release|Any CPU.Build.0 = Release|Any CPU
	EndGlobalSection
	GlobalSection(SolutionProperties) = preSolution
		HideSolutionNode = FALSE
	EndGlobalSection
	GlobalSection(ExtensibilityGlobals) = postSolution
		SolutionGuid = {8D920106-83DE-437E-9686-7A1FDADAEAC6}
	EndGlobalSection
EndGlobal
